
Microsoft Visual Studio Solution File, Format Version 12.00
# Visual Studio Version 17
VisualStudioVersion = 17.1.32421.90
MinimumVisualStudioVersion = 10.0.40219.1
Project("{9A19103F-16F7-4668-BE54-9A1E7A4F7556}") = "Function", "Function\Function.csproj", "{5389FC60-49F7-4C31-8FE7-4F08BD0EA104}"
EndProject
Project("{9A19103F-16F7-4668-BE54-9A1E7A4F7556}") = "DeviceSimulator", "DeviceSimulator\DeviceSimulator.csproj", "{6FBBBD9B-1BB7-4F6B-BCA9-5E22CB2D341C}"
EndProject
Project("{2150E333-8FDC-42A3-9474-1A3956D46DE8}") = "Solution Items", "Solution Items", "{67677EEF-AAE6-428A-B4D1-D877187825C2}"
	ProjectSection(SolutionItems) = preProject
		README.md = README.md
	EndProjectSection
EndProject
Global
	GlobalSection(SolutionConfigurationPlatforms) = preSolution
		Debug|Any CPU = Debug|Any CPU
		Release|Any CPU = Release|Any CPU
	EndGlobalSection
	GlobalSection(ProjectConfigurationPlatforms) = postSolution
		{5389FC60-49F7-4C31-8FE7-4F08BD0EA104}.Debug|Any CPU.ActiveCfg = Debug|Any CPU
		{5389FC60-49F7-4C31-8FE7-4F08BD0EA104}.Debug|Any CPU.Build.0 = Debug|Any CPU
		{5389FC60-49F7-4C31-8FE7-4F08BD0EA104}.Release|Any CPU.ActiveCfg = Release|Any CPU
		{5389FC60-49F7-4C31-8FE7-4F08BD0EA104}.Release|Any CPU.Build.0 = Release|Any CPU
		{6FBBBD9B-1BB7-4F6B-BCA9-5E22CB2D341C}.Debug|Any CPU.ActiveCfg = Debug|Any CPU
		{6FBBBD9B-1BB7-4F6B-BCA9-5E22CB2D341C}.Debug|Any CPU.Build.0 = Debug|Any CPU
		{6FBBBD9B-1BB7-4F6B-BCA9-5E22CB2D341C}.Release|Any CPU.ActiveCfg = Release|Any CPU
		{6FBBBD9B-1BB7-4F6B-BCA9-5E22CB2D341C}.Release|Any CPU.Build.0 = Release|Any CPU
	EndGlobalSection
	GlobalSection(SolutionProperties) = preSolution
		HideSolutionNode = FALSE
	EndGlobalSection
	GlobalSection(ExtensibilityGlobals) = postSolution
		SolutionGuid = {87AED5D2-2BB5-4A01-A7B8-575C58FF1ED9}
	EndGlobalSection
EndGlobal
